
Microsoft Visual Studio Solution File, Format Version 12.00
# Visual Studio 2015
Project("{FAE04EC0-301F-11D3-BF4B-00C04F79EFBC}") = "GemHunt.CSharp", "GemHunt.CSharp.csproj", "{A76838AA-AA64-9926-38AC-B6727C3853BC}"
EndProject
Global
	GlobalSection(SolutionConfigurationPlatforms) = preSolution
		Debug|Any CPU = Debug|Any CPU
		Release|Any CPU = Release|Any CPU
	EndGlobalSection
	GlobalSection(ProjectConfigurationPlatforms) = postSolution
		{A76838AA-AA64-9926-38AC-B6727C3853BC}.Debug|Any CPU.ActiveCfg = Debug|Any CPU
		{A76838AA-AA64-9926-38AC-B6727C3853BC}.Debug|Any CPU.Build.0 = Debug|Any CPU
		{A76838AA-AA64-9926-38AC-B6727C3853BC}.Release|Any CPU.ActiveCfg = Release|Any CPU
		{A76838AA-AA64-9926-38AC-B6727C3853BC}.Release|Any CPU.Build.0 = Release|Any CPU
	EndGlobalSection
	GlobalSection(SolutionProperties) = preSolution
		HideSolutionNode = FALSE
	EndGlobalSection
EndGlobal
